# @generated - this file is auto-generated by `mise lock` https://mise.en.dev/dev-tools/mise-lock.html

[[tools."aqua:planetscale/cli"]]
version = "0.291.0"
backend = "aqua:planetscale/cli"

[tools."aqua:planetscale/cli"."platforms.linux-arm64"]
checksum = "sha256:594544195b0a2c1e9cc47faf9df25a0d0a13624636e134c5e65aad999bf2f911"
url = "https://github.com/planetscale/cli/releases/download/v0.291.0/pscale_0.291.0_linux_arm64.tar.gz"

[tools."aqua:planetscale/cli"."platforms.linux-arm64-musl"]
checksum = "sha256:594544195b0a2c1e9cc47faf9df25a0d0a13624636e134c5e65aad999bf2f911"
url = "https://github.com/planetscale/cli/releases/download/v0.291.0/pscale_0.291.0_linux_arm64.tar.gz"

[tools."aqua:planetscale/cli"."platforms.linux-x64"]
checksum = "sha256:1b9607e897a3b14b7ec66a4a1cd63136694905d273df2097b888285e9daa23f2"
url = "https://github.com/planetscale/cli/releases/download/v0.291.0/pscale_0.291.0_linux_amd64.tar.gz"

[tools."aqua:planetscale/cli"."platforms.linux-x64-musl"]
checksum = "sha256:1b9607e897a3b14b7ec66a4a1cd63136694905d273df2097b888285e9daa23f2"
url = "https://github.com/planetscale/cli/releases/download/v0.291.0/pscale_0.291.0_linux_amd64.tar.gz"

[tools."aqua:planetscale/cli"."platforms.macos-arm64"]
checksum = "sha256:81ef590bfc0f01d823cbee4de49a7c837592aeb24c015a1572cfeaaf4c753f25"
url = "https://github.com/planetscale/cli/releases/download/v0.291.0/pscale_0.291.0_macOS_arm64.tar.gz"

[tools."aqua:planetscale/cli"."platforms.macos-x64"]
checksum = "sha256:862773bbc30509d682af6baa6d8a020f4dc69183733f4e2b1e457a462918932c"
url = "https://github.com/planetscale/cli/releases/download/v0.291.0/pscale_0.291.0_macOS_amd64.tar.gz"

[tools."aqua:planetscale/cli"."platforms.windows-x64"]
checksum = "sha256:a916941b4f30b178f83b3bc419fff3585170032c378ed378342f05d5ea301db5"
url = "https://github.com/planetscale/cli/releases/download/v0.291.0/pscale_0.291.0_windows_amd64.zip"

[[tools.cargo-binstall]]
version = "1.20.0"
backend = "aqua:cargo-bins/cargo-binstall"

[tools.cargo-binstall."platforms.linux-arm64"]
checksum = "sha256:3e85b6bbdf971806562ea4070bb4bdae8591fb7bcc2e0f4ea693f40c4ab92159"
url = "https://github.com/cargo-bins/cargo-binstall/releases/download/v1.20.0/cargo-binstall-aarch64-unknown-linux-musl.tgz"
provenance = "github-attestations"

[tools.cargo-binstall."platforms.linux-arm64-musl"]
checksum = "sha256:3e85b6bbdf971806562ea4070bb4bdae8591fb7bcc2e0f4ea693f40c4ab92159"
url = "https://github.com/cargo-bins/cargo-binstall/releases/download/v1.20.0/cargo-binstall-aarch64-unknown-linux-musl.tgz"
provenance = "github-attestations"

[tools.cargo-binstall."platforms.linux-x64"]
checksum = "sha256:4d7875788d0505547c220d2b02d3619aac0dd19b7033eba7005a8d09ff1dc433"
url = "https://github.com/cargo-bins/cargo-binstall/releases/download/v1.20.0/cargo-binstall-x86_64-unknown-linux-musl.tgz"
provenance = "github-attestations"

[tools.cargo-binstall."platforms.linux-x64-musl"]
checksum = "sha256:4d7875788d0505547c220d2b02d3619aac0dd19b7033eba7005a8d09ff1dc433"
url = "https://github.com/cargo-bins/cargo-binstall/releases/download/v1.20.0/cargo-binstall-x86_64-unknown-linux-musl.tgz"
provenance = "github-attestations"

[tools.cargo-binstall."platforms.macos-arm64"]
checksum = "sha256:24a9cbf1e4c238881f408d7cca11f4aafba1fdeb0e518887638af5dd40e6ac3d"
url = "https://github.com/cargo-bins/cargo-binstall/releases/download/v1.20.0/cargo-binstall-aarch64-apple-darwin.zip"
provenance = "github-attestations"

[tools.cargo-binstall."platforms.macos-x64"]
checksum = "sha256:2ef14fc607859ba238bce73512eba68941e3addc61cb40282171287fbdee5ff4"
url = "https://github.com/cargo-bins/cargo-binstall/releases/download/v1.20.0/cargo-binstall-x86_64-apple-darwin.zip"
provenance = "github-attestations"

[tools.cargo-binstall."platforms.windows-x64"]
checksum = "sha256:185c115ef1977e044e009336c77bf41cc61f144944fdb43e2d84f291b96648dc"
url = "https://github.com/cargo-bins/cargo-binstall/releases/download/v1.20.0/cargo-binstall-x86_64-pc-windows-msvc.zip"
provenance = "github-attestations"

[[tools."cargo:cargo-sort"]]
version = "2.1.4"
backend = "cargo:cargo-sort"

[[tools."cargo:cargo-udeps"]]
version = "0.1.55"
backend = "cargo:cargo-udeps"

[[tools.cmake]]
version = "3.31.12"
backend = "aqua:Kitware/CMake"

[tools.cmake."platforms.linux-arm64"]
checksum = "sha256:83f8fd91d2038a56556e1400390fcfe42f79602940c494f6c6f1cdae7f9e7f40"
url = "https://github.com/Kitware/CMake/releases/download/v3.31.12/cmake-3.31.12-linux-aarch64.tar.gz"

[tools.cmake."platforms.linux-arm64-musl"]
checksum = "sha256:83f8fd91d2038a56556e1400390fcfe42f79602940c494f6c6f1cdae7f9e7f40"
url = "https://github.com/Kitware/CMake/releases/download/v3.31.12/cmake-3.31.12-linux-aarch64.tar.gz"

[tools.cmake."platforms.linux-x64"]
checksum = "sha256:0dc2e9a6860f06bf10bd8fadc03e35d9eeb4df46e33763a7e480e987758f385c"
url = "https://github.com/Kitware/CMake/releases/download/v3.31.12/cmake-3.31.12-linux-x86_64.tar.gz"

[tools.cmake."platforms.linux-x64-musl"]
checksum = "sha256:0dc2e9a6860f06bf10bd8fadc03e35d9eeb4df46e33763a7e480e987758f385c"
url = "https://github.com/Kitware/CMake/releases/download/v3.31.12/cmake-3.31.12-linux-x86_64.tar.gz"

[tools.cmake."platforms.macos-arm64"]
checksum = "sha256:799af7fd545db9bf1b9cfe72f8095880e727a2d4e0df0e3dffc3bc7b95c2d3b0"
url = "https://github.com/Kitware/CMake/releases/download/v3.31.12/cmake-3.31.12-macos-universal.tar.gz"

[tools.cmake."platforms.macos-x64"]
checksum = "sha256:799af7fd545db9bf1b9cfe72f8095880e727a2d4e0df0e3dffc3bc7b95c2d3b0"
url = "https://github.com/Kitware/CMake/releases/download/v3.31.12/cmake-3.31.12-macos-universal.tar.gz"

[tools.cmake."platforms.windows-x64"]
checksum = "sha256:0c4baa40f28b3f8225eb3fdf6946c987b4fe901403b4eaf2fbbd9378100aaa0c"
url = "https://github.com/Kitware/CMake/releases/download/v3.31.12/cmake-3.31.12-windows-x86_64.zip"

[[tools.jq]]
version = "1.8.1"
backend = "aqua:jqlang/jq"

[tools.jq."platforms.linux-arm64"]
checksum = "sha256:6bc62f25981328edd3cfcfe6fe51b073f2d7e7710d7ef7fcdac28d4e384fc3d4"
url = "https://github.com/jqlang/jq/releases/download/jq-1.8.1/jq-linux-arm64"
provenance = "github-attestations"

[tools.jq."platforms.linux-arm64-musl"]
checksum = "sha256:6bc62f25981328edd3cfcfe6fe51b073f2d7e7710d7ef7fcdac28d4e384fc3d4"
url = "https://github.com/jqlang/jq/releases/download/jq-1.8.1/jq-linux-arm64"
provenance = "github-attestations"

[tools.jq."platforms.linux-x64"]
checksum = "sha256:020468de7539ce70ef1bceaf7cde2e8c4f2ca6c3afb84642aabc5c97d9fc2a0d"
url = "https://github.com/jqlang/jq/releases/download/jq-1.8.1/jq-linux-amd64"
provenance = "github-attestations"

[tools.jq."platforms.linux-x64-musl"]
checksum = "sha256:020468de7539ce70ef1bceaf7cde2e8c4f2ca6c3afb84642aabc5c97d9fc2a0d"
url = "https://github.com/jqlang/jq/releases/download/jq-1.8.1/jq-linux-amd64"
provenance = "github-attestations"

[tools.jq."platforms.macos-arm64"]
checksum = "sha256:a9fe3ea2f86dfc72f6728417521ec9067b343277152b114f4e98d8cb0e263603"
url = "https://github.com/jqlang/jq/releases/download/jq-1.8.1/jq-macos-arm64"
provenance = "github-attestations"

[tools.jq."platforms.macos-x64"]
checksum = "sha256:e80dbe0d2a2597e3c11c404f03337b981d74b4a8504b70586c354b7697a7c27f"
url = "https://github.com/jqlang/jq/releases/download/jq-1.8.1/jq-macos-amd64"
provenance = "github-attestations"

[tools.jq."platforms.windows-x64"]
checksum = "sha256:23cb60a1354eed6bcc8d9b9735e8c7b388cd1fdcb75726b93bc299ef22dd9334"
url = "https://github.com/jqlang/jq/releases/download/jq-1.8.1/jq-windows-amd64.exe"
provenance = "github-attestations"

[[tools.just]]
version = "1.52.0"
backend = "aqua:casey/just"

[tools.just."platforms.linux-arm64"]
checksum = "sha256:41af45372c49c404ca7b9a318ae9de5564636e39c6520cc4d42bf678f3bfb1bc"
url = "https://github.com/casey/just/releases/download/1.52.0/just-1.52.0-aarch64-unknown-linux-musl.tar.gz"

[tools.just."platforms.linux-arm64-musl"]
checksum = "sha256:41af45372c49c404ca7b9a318ae9de5564636e39c6520cc4d42bf678f3bfb1bc"
url = "https://github.com/casey/just/releases/download/1.52.0/just-1.52.0-aarch64-unknown-linux-musl.tar.gz"

[tools.just."platforms.linux-x64"]
checksum = "sha256:e0a712614574d45625332529c864754e26782422b7c7db931466180a618f092d"
url = "https://github.com/casey/just/releases/download/1.52.0/just-1.52.0-x86_64-unknown-linux-musl.tar.gz"

[tools.just."platforms.linux-x64-musl"]
checksum = "sha256:e0a712614574d45625332529c864754e26782422b7c7db931466180a618f092d"
url = "https://github.com/casey/just/releases/download/1.52.0/just-1.52.0-x86_64-unknown-linux-musl.tar.gz"

[tools.just."platforms.macos-arm64"]
checksum = "sha256:1538caf566c9d8dd99286a21c0e1224b89f6676b70c16a4bcbeb52dd21fc78f5"
url = "https://github.com/casey/just/releases/download/1.52.0/just-1.52.0-aarch64-apple-darwin.tar.gz"

[tools.just."platforms.macos-x64"]
checksum = "sha256:52e4b7dc45d5934e9bc3b8f1ad3fe78bb92d0df1bca477de0c5449c59ac7a562"
url = "https://github.com/casey/just/releases/download/1.52.0/just-1.52.0-x86_64-apple-darwin.tar.gz"

[tools.just."platforms.windows-x64"]
checksum = "sha256:ac53a7da91a33e344042dbec11e4bf1e1ec1d65ca4b695fe71398206d2a1630d"
url = "https://github.com/casey/just/releases/download/1.52.0/just-1.52.0-x86_64-pc-windows-msvc.zip"

[[tools.node]]
version = "22.22.2"
backend = "core:node"

[tools.node."platforms.linux-arm64"]
checksum = "sha256:b2f3a96f31486bfc365192ad65ced14833ad2a3c2e1bcefec4846902f264fa28"
url = "https://nodejs.org/dist/v22.22.2/node-v22.22.2-linux-arm64.tar.gz"

[tools.node."platforms.linux-arm64-musl"]
checksum = "sha256:7771e3d7bab8078232c9a7702b8423d4f7d1e5227f2339f8ccb64e5040e23a31"
url = "https://unofficial-builds.nodejs.org/download/release/v22.22.2/node-v22.22.2-linux-arm64-musl.tar.gz"

[tools.node."platforms.linux-x64"]
checksum = "sha256:978978a635eef872fa68beae09f0aad0bbbae6757e444da80b570964a97e62a3"
url = "https://nodejs.org/dist/v22.22.2/node-v22.22.2-linux-x64.tar.gz"

[tools.node."platforms.linux-x64-musl"]
checksum = "sha256:2231afd019f2f490ba921a25ba575f1f67e394441407be0491bb878f2823c976"
url = "https://unofficial-builds.nodejs.org/download/release/v22.22.2/node-v22.22.2-linux-x64-musl.tar.gz"

[tools.node."platforms.macos-arm64"]
checksum = "sha256:db4b275b83736df67533529a18cc55de2549a8329ace6c7bcc68f8d22d3c9000"
url = "https://nodejs.org/dist/v22.22.2/node-v22.22.2-darwin-arm64.tar.gz"

[tools.node."platforms.macos-x64"]
checksum = "sha256:12a6abb9c2902cf48a21120da13f87fde1ed1b71a13330712949e8db818708ba"
url = "https://nodejs.org/dist/v22.22.2/node-v22.22.2-darwin-x64.tar.gz"

[tools.node."platforms.windows-x64"]
checksum = "sha256:7c93e9d92bf68c07182b471aa187e35ee6cd08ef0f24ab060dfff605fcc1c57c"
url = "https://nodejs.org/dist/v22.22.2/node-v22.22.2-win-x64.zip"

[[tools.opentofu]]
version = "1.10.0"
backend = "aqua:opentofu/opentofu"

[tools.opentofu."platforms.linux-arm64"]
checksum = "sha256:df4d875ab635390caf54fb07f3e2b5fdd2c88b06bf04f601da1df63bb0da7e95"
url = "https://github.com/opentofu/opentofu/releases/download/v1.10.0/tofu_1.10.0_linux_arm64.tar.gz"

[tools.opentofu."platforms.linux-arm64-musl"]
checksum = "sha256:df4d875ab635390caf54fb07f3e2b5fdd2c88b06bf04f601da1df63bb0da7e95"
url = "https://github.com/opentofu/opentofu/releases/download/v1.10.0/tofu_1.10.0_linux_arm64.tar.gz"

[tools.opentofu."platforms.linux-x64"]
checksum = "sha256:9f4e7473608f55bbc8eb64178228569a14af6463f5332607deecdf3f9bf31e8b"
url = "https://github.com/opentofu/opentofu/releases/download/v1.10.0/tofu_1.10.0_linux_amd64.tar.gz"

[tools.opentofu."platforms.linux-x64-musl"]
checksum = "sha256:9f4e7473608f55bbc8eb64178228569a14af6463f5332607deecdf3f9bf31e8b"
url = "https://github.com/opentofu/opentofu/releases/download/v1.10.0/tofu_1.10.0_linux_amd64.tar.gz"

[tools.opentofu."platforms.macos-arm64"]
checksum = "sha256:2bcfecbb325d68cad6f81990fd29a75ec674da88699003a0b92d63f326ad58e8"
url = "https://github.com/opentofu/opentofu/releases/download/v1.10.0/tofu_1.10.0_darwin_arm64.tar.gz"

[tools.opentofu."platforms.macos-x64"]
checksum = "sha256:a1b6b6cc18d88f6033e409333abd779d683b3065fae8c154d1e4c667989712cb"
url = "https://github.com/opentofu/opentofu/releases/download/v1.10.0/tofu_1.10.0_darwin_amd64.tar.gz"

[tools.opentofu."platforms.windows-x64"]
checksum = "sha256:e73b73754350d5f13cdb4ea0c3c63d535a660e858e30d82233935ebf6961478f"
url = "https://github.com/opentofu/opentofu/releases/download/v1.10.0/tofu_1.10.0_windows_amd64.tar.gz"

[[tools.protoc]]
version = "21.12"
backend = "aqua:protocolbuffers/protobuf/protoc"

[tools.protoc."platforms.linux-arm64"]
checksum = "blake3:0bbfb81079b57a16a468264683e0e30ad1b4dffbf12822cab8cfdc7108a6a4e8"
url = "https://github.com/protocolbuffers/protobuf/releases/download/v21.12/protoc-21.12-linux-aarch_64.zip"

[tools.protoc."platforms.linux-arm64-musl"]
checksum = "sha256:2dd17f75d66a682640b136e31848da9fb2eefe68d55303baf8b32617374f6711"
url = "https://github.com/protocolbuffers/protobuf/releases/download/v21.12/protoc-21.12-linux-aarch_64.zip"

[tools.protoc."platforms.linux-x64"]
checksum = "sha256:3a4c1e5f2516c639d3079b1586e703fc7bcfa2136d58bda24d1d54f949c315e8"
url = "https://github.com/protocolbuffers/protobuf/releases/download/v21.12/protoc-21.12-linux-x86_64.zip"

[tools.protoc."platforms.linux-x64-musl"]
checksum = "sha256:3a4c1e5f2516c639d3079b1586e703fc7bcfa2136d58bda24d1d54f949c315e8"
url = "https://github.com/protocolbuffers/protobuf/releases/download/v21.12/protoc-21.12-linux-x86_64.zip"

[tools.protoc."platforms.macos-arm64"]
checksum = "sha256:96839af0caed64352442fc8236f4bdf7c1cd6efcfaa98fa5db37307a73fc7c70"
url = "https://github.com/protocolbuffers/protobuf/releases/download/v21.12/protoc-21.12-osx-aarch_64.zip"

[tools.protoc."platforms.macos-x64"]
checksum = "sha256:9448ff40278504a7ae5139bb70c962acc78c32d8fc54b4890a55c14c68b9d10a"
url = "https://github.com/protocolbuffers/protobuf/releases/download/v21.12/protoc-21.12-osx-x86_64.zip"

[tools.protoc."platforms.windows-x64"]
checksum = "sha256:71852a30cf62975358edfcbbff93086e8857a079c8e4d6904881aa968d65c7f9"
url = "https://github.com/protocolbuffers/protobuf/releases/download/v21.12/protoc-21.12-win64.zip"

[[tools.uv]]
version = "0.11.5"
backend = "aqua:astral-sh/uv"

[tools.uv."platforms.linux-arm64"]
checksum = "sha256:d73860013061c62d6a89f3370527d4c407214038af331147773ae2fd8f6394c1"
url = "https://github.com/astral-sh/uv/releases/download/0.11.5/uv-aarch64-unknown-linux-musl.tar.gz"
provenance = "github-attestations"

[tools.uv."platforms.linux-arm64-musl"]
checksum = "sha256:d73860013061c62d6a89f3370527d4c407214038af331147773ae2fd8f6394c1"
url = "https://github.com/astral-sh/uv/releases/download/0.11.5/uv-aarch64-unknown-linux-musl.tar.gz"
provenance = "github-attestations"

[tools.uv."platforms.linux-x64"]
checksum = "sha256:ee8a52743ce3979e52872b49c5e58ffa541048cb95132142bff23fe5608d73ea"
url = "https://github.com/astral-sh/uv/releases/download/0.11.5/uv-x86_64-unknown-linux-musl.tar.gz"
provenance = "github-attestations"

[tools.uv."platforms.linux-x64-musl"]
checksum = "sha256:ee8a52743ce3979e52872b49c5e58ffa541048cb95132142bff23fe5608d73ea"
url = "https://github.com/astral-sh/uv/releases/download/0.11.5/uv-x86_64-unknown-linux-musl.tar.gz"
provenance = "github-attestations"

[tools.uv."platforms.macos-arm64"]
checksum = "sha256:470993e87503874c7c48861daa308b48a7c367e117235bbecf19368b9fdd35b2"
url = "https://github.com/astral-sh/uv/releases/download/0.11.5/uv-aarch64-apple-darwin.tar.gz"
provenance = "github-attestations"

[tools.uv."platforms.macos-x64"]
checksum = "sha256:b8964bed538143f9016d807e421e28f0237a29589851fc79e8159751ac64779a"
url = "https://github.com/astral-sh/uv/releases/download/0.11.5/uv-x86_64-apple-darwin.tar.gz"
provenance = "github-attestations"

[tools.uv."platforms.windows-x64"]
checksum = "sha256:3fa5b6ea9de9256a035e0471f5ef0bb5d95344659723d6eb063e27c76431515d"
url = "https://github.com/astral-sh/uv/releases/download/0.11.5/uv-x86_64-pc-windows-msvc.zip"
provenance = "github-attestations"
