{
  "name": "convex",
  "lockfileVersion": 3,
  "requires": true,
  "packages": {
    "": {
      "name": "convex",
      "devDependencies": {
        "dprint": "0.57.0",
        "pnpm": "11.15.1",
        "turbo": "2.10.5"
      },
      "engines": {
        "npm": "11.11.0"
      }
    },
    "node_modules/@dprint/android-arm64": {
      "version": "0.57.0",
      "resolved": "https://registry.npmjs.org/@dprint/android-arm64/-/android-arm64-0.57.0.tgz",
      "integrity": "sha512-QJQhwiZ/gx/4UG/GuayTKC76wUsOnozudfCozRTHkIMpP9N9+fcTyz+hDMNttyFP8Hun+LkGGbgUwbEtbZ3ATA==",
      "cpu": [
        "arm64"
      ],
      "dev": true,
      "license": "MIT",
      "optional": true,
      "os": [
        "android"
      ]
    },
    "node_modules/@dprint/android-x64": {
      "version": "0.57.0",
      "resolved": "https://registry.npmjs.org/@dprint/android-x64/-/android-x64-0.57.0.tgz",
      "integrity": "sha512-c2hwDo/iwxdmhMvPuN5ZlbD+eVUioFYHJQATydN/aVaHq8wG3oW1NBcD+RNQzW9bgzzxu+XnPcFIhhujYMiYyA==",
      "cpu": [
        "x64"
      ],
      "dev": true,
      "license": "MIT",
      "optional": true,
      "os": [
        "android"
      ]
    },
    "node_modules/@dprint/darwin-arm64": {
      "version": "0.57.0",
      "resolved": "https://registry.npmjs.org/@dprint/darwin-arm64/-/darwin-arm64-0.57.0.tgz",
      "integrity": "sha512-U46v7BN/vTJZ4/9CIHWqbPXBFhE/Y0a/xx5IkHSI90tti5PAKxMfhiDxS5GrDwNujhW2rwY8wvKLTYlxB5mBNA==",
      "cpu": [
        "arm64"
      ],
      "dev": true,
      "license": "MIT",
      "optional": true,
      "os": [
        "darwin"
      ]
    },
    "node_modules/@dprint/darwin-x64": {
      "version": "0.57.0",
      "resolved": "https://registry.npmjs.org/@dprint/darwin-x64/-/darwin-x64-0.57.0.tgz",
      "integrity": "sha512-cd8XaGKQPRP/W60nKmO3m3WpHNtgEQO1lAAYtt7D8RIOQ11L/AYrUGMJc65Cy1sCBcIVVe3lQviWU28bzUaoSQ==",
      "cpu": [
        "x64"
      ],
      "dev": true,
      "license": "MIT",
      "optional": true,
      "os": [
        "darwin"
      ]
    },
    "node_modules/@dprint/linux-arm64-glibc": {
      "version": "0.57.0",
      "resolved": "https://registry.npmjs.org/@dprint/linux-arm64-glibc/-/linux-arm64-glibc-0.57.0.tgz",
      "integrity": "sha512-TT03L1lcjyVaAqKi3BYn9wD0oUf4D0PxZzhYPm+Y16by3pExMxWPPMJwFIjhprjZAbmWyI+UH6804RwMGzeQhw==",
      "cpu": [
        "arm64"
      ],
      "dev": true,
      "libc": [
        "glibc"
      ],
      "license": "MIT",
      "optional": true,
      "os": [
        "linux"
      ]
    },
    "node_modules/@dprint/linux-arm64-musl": {
      "version": "0.57.0",
      "resolved": "https://registry.npmjs.org/@dprint/linux-arm64-musl/-/linux-arm64-musl-0.57.0.tgz",
      "integrity": "sha512-pOby7Gz3U5G3EidiyjSsNSxOvSzPb4ZelCzBg1MAkGacXLCv9ThNvgEhHHs2FZdzJDPGvRdtGQZgkmQPPP4cVA==",
      "cpu": [
        "arm64"
      ],
      "dev": true,
      "libc": [
        "musl"
      ],
      "license": "MIT",
      "optional": true,
      "os": [
        "linux"
      ]
    },
    "node_modules/@dprint/linux-loong64-glibc": {
      "version": "0.57.0",
      "resolved": "https://registry.npmjs.org/@dprint/linux-loong64-glibc/-/linux-loong64-glibc-0.57.0.tgz",
      "integrity": "sha512-5nxqqfZ8bQekrj26MBIC4H0cNRSEp8k+ydluToB6eHRc0FH3ngSDxYsbjBa3QINnm0NTrnIC4DIv//JJU32r1Q==",
      "cpu": [
        "loong64"
      ],
      "dev": true,
      "libc": [
        "glibc"
      ],
      "license": "MIT",
      "optional": true,
      "os": [
        "linux"
      ]
    },
    "node_modules/@dprint/linux-loong64-musl": {
      "version": "0.57.0",
      "resolved": "https://registry.npmjs.org/@dprint/linux-loong64-musl/-/linux-loong64-musl-0.57.0.tgz",
      "integrity": "sha512-3jFW9VSU6hn+9I3yBEQpNGApVKWWpQfi62nlTv8G/gtolz8pP+VkekIEZOldavgyeXRRtdw//fZ7zjQpeFH2eA==",
      "cpu": [
        "loong64"
      ],
      "dev": true,
      "libc": [
        "musl"
      ],
      "license": "MIT",
      "optional": true,
      "os": [
        "linux"
      ]
    },
    "node_modules/@dprint/linux-ppc64-glibc": {
      "version": "0.57.0",
      "resolved": "https://registry.npmjs.org/@dprint/linux-ppc64-glibc/-/linux-ppc64-glibc-0.57.0.tgz",
      "integrity": "sha512-FamdnzmIeTnwUFN9MiMCU2l9VK+hXN/r0DXGTYL7KJNTzFUcZcqPnNcJDqphEXkBVXTd0qp5VLHE8W7COCkt6g==",
      "cpu": [
        "ppc64"
      ],
      "dev": true,
      "libc": [
        "glibc"
      ],
      "license": "MIT",
      "optional": true,
      "os": [
        "linux"
      ]
    },
    "node_modules/@dprint/linux-ppc64-musl": {
      "version": "0.57.0",
      "resolved": "https://registry.npmjs.org/@dprint/linux-ppc64-musl/-/linux-ppc64-musl-0.57.0.tgz",
      "integrity": "sha512-hzEPSZv7DU2U6+yQjUX63wGB1iF6t3RyiVjMnB4wsfW9fR2z7pylHwYxIYb7FAV7fprII4b7ospK5tNWWyqsBQ==",
      "cpu": [
        "ppc64"
      ],
      "dev": true,
      "libc": [
        "musl"
      ],
      "license": "MIT",
      "optional": true,
      "os": [
        "linux"
      ]
    },
    "node_modules/@dprint/linux-riscv64-glibc": {
      "version": "0.57.0",
      "resolved": "https://registry.npmjs.org/@dprint/linux-riscv64-glibc/-/linux-riscv64-glibc-0.57.0.tgz",
      "integrity": "sha512-DXGY+3WKu0HtdBsgvkKWPTLkbJ8RtQCIUIq+v8dKtD0JuoawGeaqhffAqy5nZ7+flJK+PMaws9TcO9ujiDI4qw==",
      "cpu": [
        "riscv64"
      ],
      "dev": true,
      "libc": [
        "glibc"
      ],
      "license": "MIT",
      "optional": true,
      "os": [
        "linux"
      ]
    },
    "node_modules/@dprint/linux-x64-glibc": {
      "version": "0.57.0",
      "resolved": "https://registry.npmjs.org/@dprint/linux-x64-glibc/-/linux-x64-glibc-0.57.0.tgz",
      "integrity": "sha512-Kk/CD2uaFqvXxp7h9JDGDeew6oJgLFQBaS6UFXfAaFBiGlt2KpJR9ItY6GQsiWFloAmJ6lJuzDxK2SO6A6yK+w==",
      "cpu": [
        "x64"
      ],
      "dev": true,
      "libc": [
        "glibc"
      ],
      "license": "MIT",
      "optional": true,
      "os": [
        "linux"
      ]
    },
    "node_modules/@dprint/linux-x64-musl": {
      "version": "0.57.0",
      "resolved": "https://registry.npmjs.org/@dprint/linux-x64-musl/-/linux-x64-musl-0.57.0.tgz",
      "integrity": "sha512-/QXScBA3Cz2xB6V98xXAxjsKl7Xu+2A69W5qj21eM13fNEj1TauBjsEYY3fb9/mymp93E1QSpAkkJI2bQD6XiQ==",
      "cpu": [
        "x64"
      ],
      "dev": true,
      "libc": [
        "musl"
      ],
      "license": "MIT",
      "optional": true,
      "os": [
        "linux"
      ]
    },
    "node_modules/@dprint/win32-arm64": {
      "version": "0.57.0",
      "resolved": "https://registry.npmjs.org/@dprint/win32-arm64/-/win32-arm64-0.57.0.tgz",
      "integrity": "sha512-aQ59I3BoshAZakIp3KXifu1c5eueE16TwsHeOTpJSw/TgE35nntkbA8PgH5HLtYjQLcJwYfgdZEDC4Bfq3yE9Q==",
      "cpu": [
        "arm64"
      ],
      "dev": true,
      "license": "MIT",
      "optional": true,
      "os": [
        "win32"
      ]
    },
    "node_modules/@dprint/win32-x64": {
      "version": "0.57.0",
      "resolved": "https://registry.npmjs.org/@dprint/win32-x64/-/win32-x64-0.57.0.tgz",
      "integrity": "sha512-hNj0UJMm4zQ2tggC7ZhbfoH0iCYGNoUZp0SrRCmVfZn+YDYXNHkeacyucYLasNdw/Zwa07YshmMpUgyl/XOZ9Q==",
      "cpu": [
        "x64"
      ],
      "dev": true,
      "license": "MIT",
      "optional": true,
      "os": [
        "win32"
      ]
    },
    "node_modules/@turbo/darwin-64": {
      "version": "2.10.5",
      "resolved": "https://registry.npmjs.org/@turbo/darwin-64/-/darwin-64-2.10.5.tgz",
      "integrity": "sha512-ENvPwy3x5yS7MwNYHeWjqOBXkwIMp39Pd+/zXC6PoiNzF8EIvvLZOZZ+ny6L9x4WgS5vxUii2LM5gM+zjPdnWw==",
      "cpu": [
        "x64"
      ],
      "dev": true,
      "license": "MIT",
      "optional": true,
      "os": [
        "darwin"
      ]
    },
    "node_modules/@turbo/darwin-arm64": {
      "version": "2.10.5",
      "resolved": "https://registry.npmjs.org/@turbo/darwin-arm64/-/darwin-arm64-2.10.5.tgz",
      "integrity": "sha512-rqROo9zsF/P9RqsdtbLD1nFJicjSrYyvQ9kNJC38AbxA3pAs6VAlATvtvOFx7bqOv6vicf20SP9kF33avJjy2w==",
      "cpu": [
        "arm64"
      ],
      "dev": true,
      "license": "MIT",
      "optional": true,
      "os": [
        "darwin"
      ]
    },
    "node_modules/@turbo/linux-64": {
      "version": "2.10.5",
      "resolved": "https://registry.npmjs.org/@turbo/linux-64/-/linux-64-2.10.5.tgz",
      "integrity": "sha512-RoSSiNFUxi27zLJuM9F6GyWWjHgLch9t6nwD6K0FkXRirZkTLlzIj6IhFnK8H9++nefLtdFqylE4vGjZAv6AAA==",
      "cpu": [
        "x64"
      ],
      "dev": true,
      "license": "MIT",
      "optional": true,
      "os": [
        "linux"
      ]
    },
    "node_modules/@turbo/linux-arm64": {
      "version": "2.10.5",
      "resolved": "https://registry.npmjs.org/@turbo/linux-arm64/-/linux-arm64-2.10.5.tgz",
      "integrity": "sha512-4ZComcpzmHGmVynQqvvi+iZOSq/tBvY1SltXB8g4NZRsrA01W8E+yRL8RNM+PLoyWsrCnJa8xa+DkWkv+xg4iQ==",
      "cpu": [
        "arm64"
      ],
      "dev": true,
      "license": "MIT",
      "optional": true,
      "os": [
        "linux"
      ]
    },
    "node_modules/@turbo/windows-64": {
      "version": "2.10.5",
      "resolved": "https://registry.npmjs.org/@turbo/windows-64/-/windows-64-2.10.5.tgz",
      "integrity": "sha512-eL2Iyj4DbMINq1Sr1w0iAi6nAiZOF16KSlRGwCJpVh+IWZeY33MAsLHVOBMj1xoFtncVJXclCVpTPL2nBoYkFg==",
      "cpu": [
        "x64"
      ],
      "dev": true,
      "license": "MIT",
      "optional": true,
      "os": [
        "win32"
      ]
    },
    "node_modules/@turbo/windows-arm64": {
      "version": "2.10.5",
      "resolved": "https://registry.npmjs.org/@turbo/windows-arm64/-/windows-arm64-2.10.5.tgz",
      "integrity": "sha512-sog+wP+8YSJrdWZ/rUJg8xghVTrwoG+BrSlDQpnK5fzSgJHn1INRWXbVWRH0d3vX8dBI01E3yxXRre9Dn+OXQA==",
      "cpu": [
        "arm64"
      ],
      "dev": true,
      "license": "MIT",
      "optional": true,
      "os": [
        "win32"
      ]
    },
    "node_modules/dprint": {
      "version": "0.57.0",
      "resolved": "https://registry.npmjs.org/dprint/-/dprint-0.57.0.tgz",
      "integrity": "sha512-yuEuexxsjdKbA3agdXLH3Y4w336YJV7EX0/9NqqLm9LHYW99PoIHIy5dQLwCxWkOpWc97R28xchrpqTd7tgmgA==",
      "dev": true,
      "hasInstallScript": true,
      "license": "MIT",
      "bin": {
        "dprint": "bin.cjs"
      },
      "optionalDependencies": {
        "@dprint/android-arm64": "0.57.0",
        "@dprint/android-x64": "0.57.0",
        "@dprint/darwin-arm64": "0.57.0",
        "@dprint/darwin-x64": "0.57.0",
        "@dprint/linux-arm64-glibc": "0.57.0",
        "@dprint/linux-arm64-musl": "0.57.0",
        "@dprint/linux-loong64-glibc": "0.57.0",
        "@dprint/linux-loong64-musl": "0.57.0",
        "@dprint/linux-ppc64-glibc": "0.57.0",
        "@dprint/linux-ppc64-musl": "0.57.0",
        "@dprint/linux-riscv64-glibc": "0.57.0",
        "@dprint/linux-x64-glibc": "0.57.0",
        "@dprint/linux-x64-musl": "0.57.0",
        "@dprint/win32-arm64": "0.57.0",
        "@dprint/win32-x64": "0.57.0"
      }
    },
    "node_modules/pnpm": {
      "version": "11.15.1",
      "resolved": "https://registry.npmjs.org/pnpm/-/pnpm-11.15.1.tgz",
      "integrity": "sha512-gTULB+U8lTigLx8jA7QpD6LXvgTlbiqXDEzEtBfcdh3hlu2r1J1Vx9yVgNuBAHxEFD5OPX5GKzAA0jwlUSLQZQ==",
      "dev": true,
      "license": "MIT",
      "bin": {
        "pn": "bin/pnpm.mjs",
        "pnpm": "bin/pnpm.mjs",
        "pnpx": "bin/pnpx.mjs",
        "pnx": "bin/pnpx.mjs"
      },
      "engines": {
        "node": ">=22.13"
      },
      "funding": {
        "url": "https://opencollective.com/pnpm"
      }
    },
    "node_modules/turbo": {
      "version": "2.10.5",
      "resolved": "https://registry.npmjs.org/turbo/-/turbo-2.10.5.tgz",
      "integrity": "sha512-07Y/C7OUp23l4P92PJoYtFNbHjLhftrZH5Ce7dbczS4kX2Re+wtbXvZLoxn/pUtzgsQaRCBaRuZPJp4zmAn0WQ==",
      "dev": true,
      "license": "MIT",
      "bin": {
        "turbo": "bin/turbo"
      },
      "optionalDependencies": {
        "@turbo/darwin-64": "2.10.5",
        "@turbo/darwin-arm64": "2.10.5",
        "@turbo/linux-64": "2.10.5",
        "@turbo/linux-arm64": "2.10.5",
        "@turbo/windows-64": "2.10.5",
        "@turbo/windows-arm64": "2.10.5"
      }
    }
  }
}
